
Microsoft Visual Studio Solution File, Format Version 12.00
# Visual Studio Version 17
VisualStudioVersion = 17.11.35327.3
MinimumVisualStudioVersion = 10.0.40219.1
Project("{FAE04EC0-301F-11D3-BF4B-00C04F79EFBC}") = "DevIO.AppMvc", "src\DevIO.AppMvc\DevIO.AppMvc.csproj", "{C8434FD3-AB65-43C8-9305-FBF3547D0C04}"
EndProject
Project("{FAE04EC0-301F-11D3-BF4B-00C04F79EFBC}") = "DevIO.Business", "src\DevIO.Business\DevIO.Business.csproj", "{6A3E30EB-60F0-4B21-A066-CDD2E7F9D28F}"
EndProject
Project("{FAE04EC0-301F-11D3-BF4B-00C04F79EFBC}") = "DevIO.Infra", "src\DevIO.Infra\DevIO.Infra.csproj", "{004CE020-4B39-4492-9B61-8E7B02A870B4}"
EndProject
Global
	GlobalSection(SolutionConfigurationPlatforms) = preSolution
		Debug|Any CPU = Debug|Any CPU
		Release|Any CPU = Release|Any CPU
	EndGlobalSection
	GlobalSection(ProjectConfigurationPlatforms) = postSolution
		{C8434FD3-AB65-43C8-9305-FBF3547D0C04}.Debug|Any CPU.ActiveCfg = Debug|Any CPU
		{C8434FD3-AB65-43C8-9305-FBF3547D0C04}.Debug|Any CPU.Build.0 = Debug|Any CPU
		{C8434FD3-AB65-43C8-9305-FBF3547D0C04}.Release|Any CPU.ActiveCfg = Release|Any CPU
		{C8434FD3-AB65-43C8-9305-FBF3547D0C04}.Release|Any CPU.Build.0 = Release|Any CPU
		{6A3E30EB-60F0-4B21-A066-CDD2E7F9D28F}.Debug|Any CPU.ActiveCfg = Debug|Any CPU
		{6A3E30EB-60F0-4B21-A066-CDD2E7F9D28F}.Debug|Any CPU.Build.0 = Debug|Any CPU
		{6A3E30EB-60F0-4B21-A066-CDD2E7F9D28F}.Release|Any CPU.ActiveCfg = Release|Any CPU
		{6A3E30EB-60F0-4B21-A066-CDD2E7F9D28F}.Release|Any CPU.Build.0 = Release|Any CPU
		{004CE020-4B39-4492-9B61-8E7B02A870B4}.Debug|Any CPU.ActiveCfg = Debug|Any CPU
		{004CE020-4B39-4492-9B61-8E7B02A870B4}.Debug|Any CPU.Build.0 = Debug|Any CPU
		{004CE020-4B39-4492-9B61-8E7B02A870B4}.Release|Any CPU.ActiveCfg = Release|Any CPU
		{004CE020-4B39-4492-9B61-8E7B02A870B4}.Release|Any CPU.Build.0 = Release|Any CPU
	EndGlobalSection
	GlobalSection(SolutionProperties) = preSolution
		HideSolutionNode = FALSE
	EndGlobalSection
	GlobalSection(ExtensibilityGlobals) = postSolution
		SolutionGuid = {0675BA75-8156-4EEB-B003-C54D7DF44B07}
	EndGlobalSection
EndGlobal
